
Microsoft Visual Studio Solution File, Format Version 12.00
# Visual Studio Version 16
VisualStudioVersion = 16.0.31129.286
MinimumVisualStudioVersion = 10.0.40219.1
Project("{FAE04EC0-301F-11D3-BF4B-00C04F79EFBC}") = "Service_Mail", "Service_Mail.csproj", "{C3D76BFD-590A-4708-8E84-40A916FA07E1}"
EndProject
Global
	GlobalSection(SolutionConfigurationPlatforms) = preSolution
		Debug|Any CPU = Debug|Any CPU
		Release|Any CPU = Release|Any CPU
	EndGlobalSection
	GlobalSection(ProjectConfigurationPlatforms) = postSolution
		{C3D76BFD-590A-4708-8E84-40A916FA07E1}.Debug|Any CPU.ActiveCfg = Debug|Any CPU
		{C3D76BFD-590A-4708-8E84-40A916FA07E1}.Debug|Any CPU.Build.0 = Debug|Any CPU
		{C3D76BFD-590A-4708-8E84-40A916FA07E1}.Release|Any CPU.ActiveCfg = Release|Any CPU
		{C3D76BFD-590A-4708-8E84-40A916FA07E1}.Release|Any CPU.Build.0 = Release|Any CPU
	EndGlobalSection
	GlobalSection(SolutionProperties) = preSolution
		HideSolutionNode = FALSE
	EndGlobalSection
	GlobalSection(ExtensibilityGlobals) = postSolution
		SolutionGuid = {4B0A2EF3-7B94-40C1-9922-C9567D0DFA66}
	EndGlobalSection
EndGlobal
